
Microsoft Visual Studio Solution File, Format Version 12.00
# Visual Studio Version 16
VisualStudioVersion = 16.0.30611.23
MinimumVisualStudioVersion = 10.0.40219.1
Project("{FAE04EC0-301F-11D3-BF4B-00C04F79EFBC}") = "UITests.Terminal", "UITests.Terminal.csproj", "{09172027-337A-453A-A6E6-459F41C58C4E}"
EndProject
Global
	GlobalSection(SolutionConfigurationPlatforms) = preSolution
		Debug|Any CPU = Debug|Any CPU
		Release|Any CPU = Release|Any CPU
	EndGlobalSection
	GlobalSection(ProjectConfigurationPlatforms) = postSolution
		{09172027-337A-453A-A6E6-459F41C58C4E}.Debug|Any CPU.ActiveCfg = Debug|Any CPU
		{09172027-337A-453A-A6E6-459F41C58C4E}.Debug|Any CPU.Build.0 = Debug|Any CPU
		{09172027-337A-453A-A6E6-459F41C58C4E}.Release|Any CPU.ActiveCfg = Release|Any CPU
		{09172027-337A-453A-A6E6-459F41C58C4E}.Release|Any CPU.Build.0 = Release|Any CPU
	EndGlobalSection
	GlobalSection(SolutionProperties) = preSolution
		HideSolutionNode = FALSE
	EndGlobalSection
	GlobalSection(ExtensibilityGlobals) = postSolution
		SolutionGuid = {4BDF21E3-C887-466B-85E2-48640A63E9ED}
	EndGlobalSection
EndGlobal
